{
  "version": 4,
  "terraform_version": "1.0.11",
  "serial": 12,
  "lineage": "fbe0a946-98f1-716b-46d4-64b71ac4de90",
  "outputs": {},
  "resources": [
    {
      "mode": "managed",
      "type": "aws_internet_gateway",
      "name": "ig1",
      "provider": "provider[\"registry.terraform.io/hashicorp/aws\"]",
      "instances": [
        {
          "schema_version": 0,
          "attributes": {
            "arn": "arn:aws:ec2:us-east-1:551330540453:internet-gateway/igw-0cb65e369499cec40",
            "id": "igw-0cb65e369499cec40",
            "owner_id": "551330540453",
            "tags": {
              "Name": "ig1"
            },
            "tags_all": {
              "Deployment": "DEPLOYMENT_09_TERRAFORM",
              "Name": "ig1",
              "Team": "Kura Labs"
            },
            "vpc_id": "vpc-04c94ee8878784ad4"
          },
          "sensitive_attributes": [],
          "private": "bnVsbA==",
          "dependencies": [
            "aws_vpc.main"
          ]
        }
      ]
    },
    {
      "mode": "managed",
      "type": "aws_route_table",
      "name": "rt1",
      "provider": "provider[\"registry.terraform.io/hashicorp/aws\"]",
      "instances": [
        {
          "schema_version": 0,
          "attributes": {
            "arn": "arn:aws:ec2:us-east-1:551330540453:route-table/rtb-025e9ccf3148f7515",
            "id": "rtb-025e9ccf3148f7515",
            "owner_id": "551330540453",
            "propagating_vgws": [],
            "route": [
              {
                "carrier_gateway_id": "",
                "cidr_block": "0.0.0.0/0",
                "destination_prefix_list_id": "",
                "egress_only_gateway_id": "",
                "gateway_id": "igw-0cb65e369499cec40",
                "instance_id": "",
                "ipv6_cidr_block": "",
                "local_gateway_id": "",
                "nat_gateway_id": "",
                "network_interface_id": "",
                "transit_gateway_id": "",
                "vpc_endpoint_id": "",
                "vpc_peering_connection_id": ""
              }
            ],
            "tags": {
              "Name": "rt1"
            },
            "tags_all": {
              "Deployment": "DEPLOYMENT_09_TERRAFORM",
              "Name": "rt1",
              "Team": "Kura Labs"
            },
            "timeouts": null,
            "vpc_id": "vpc-04c94ee8878784ad4"
          },
          "sensitive_attributes": [],
          "private": "eyJlMmJmYjczMC1lY2FhLTExZTYtOGY4OC0zNDM2M2JjN2M0YzAiOnsiY3JlYXRlIjoxMjAwMDAwMDAwMDAsImRlbGV0ZSI6MzAwMDAwMDAwMDAwLCJ1cGRhdGUiOjEyMDAwMDAwMDAwMH19",
          "dependencies": [
            "aws_internet_gateway.ig1",
            "aws_vpc.main"
          ]
        }
      ]
    },
    {
      "mode": "managed",
      "type": "aws_subnet",
      "name": "public01",
      "provider": "provider[\"registry.terraform.io/hashicorp/aws\"]",
      "instances": [
        {
          "schema_version": 1,
          "attributes": {
            "arn": "arn:aws:ec2:us-east-1:551330540453:subnet/subnet-0708dc35f452474a9",
            "assign_ipv6_address_on_creation": false,
            "availability_zone": "us-east-1a",
            "availability_zone_id": "use1-az4",
            "cidr_block": "10.0.1.0/24",
            "customer_owned_ipv4_pool": "",
            "id": "subnet-0708dc35f452474a9",
            "ipv6_cidr_block": "",
            "ipv6_cidr_block_association_id": "",
            "map_customer_owned_ip_on_launch": false,
            "map_public_ip_on_launch": false,
            "outpost_arn": "",
            "owner_id": "551330540453",
            "tags": {
              "Name": "Public01"
            },
            "tags_all": {
              "Deployment": "DEPLOYMENT_09_TERRAFORM",
              "Name": "Public01",
              "Team": "Kura Labs"
            },
            "timeouts": null,
            "vpc_id": "vpc-04c94ee8878784ad4"
          },
          "sensitive_attributes": [],
          "private": "eyJlMmJmYjczMC1lY2FhLTExZTYtOGY4OC0zNDM2M2JjN2M0YzAiOnsiY3JlYXRlIjo2MDAwMDAwMDAwMDAsImRlbGV0ZSI6MTIwMDAwMDAwMDAwMH0sInNjaGVtYV92ZXJzaW9uIjoiMSJ9",
          "dependencies": [
            "aws_vpc.main"
          ]
        }
      ]
    },
    {
      "mode": "managed",
      "type": "aws_subnet",
      "name": "public02",
      "provider": "provider[\"registry.terraform.io/hashicorp/aws\"]",
      "instances": [
        {
          "schema_version": 1,
          "attributes": {
            "arn": "arn:aws:ec2:us-east-1:551330540453:subnet/subnet-0b2abd812747d57cf",
            "assign_ipv6_address_on_creation": false,
            "availability_zone": "us-east-1b",
            "availability_zone_id": "use1-az6",
            "cidr_block": "10.0.2.0/24",
            "customer_owned_ipv4_pool": "",
            "id": "subnet-0b2abd812747d57cf",
            "ipv6_cidr_block": "",
            "ipv6_cidr_block_association_id": "",
            "map_customer_owned_ip_on_launch": false,
            "map_public_ip_on_launch": false,
            "outpost_arn": "",
            "owner_id": "551330540453",
            "tags": {
              "Name": "Public02"
            },
            "tags_all": {
              "Deployment": "DEPLOYMENT_09_TERRAFORM",
              "Name": "Public02",
              "Team": "Kura Labs"
            },
            "timeouts": null,
            "vpc_id": "vpc-04c94ee8878784ad4"
          },
          "sensitive_attributes": [],
          "private": "eyJlMmJmYjczMC1lY2FhLTExZTYtOGY4OC0zNDM2M2JjN2M0YzAiOnsiY3JlYXRlIjo2MDAwMDAwMDAwMDAsImRlbGV0ZSI6MTIwMDAwMDAwMDAwMH0sInNjaGVtYV92ZXJzaW9uIjoiMSJ9",
          "dependencies": [
            "aws_vpc.main"
          ]
        }
      ]
    },
    {
      "mode": "managed",
      "type": "aws_vpc",
      "name": "main",
      "provider": "provider[\"registry.terraform.io/hashicorp/aws\"]",
      "instances": [
        {
          "schema_version": 1,
          "attributes": {
            "arn": "arn:aws:ec2:us-east-1:551330540453:vpc/vpc-04c94ee8878784ad4",
            "assign_generated_ipv6_cidr_block": false,
            "cidr_block": "10.0.0.0/18",
            "default_network_acl_id": "acl-0e036253094feaa8f",
            "default_route_table_id": "rtb-08b676a2b55bfa116",
            "default_security_group_id": "sg-0310deb628d3710c3",
            "dhcp_options_id": "dopt-2f1a1f55",
            "enable_classiclink": false,
            "enable_classiclink_dns_support": false,
            "enable_dns_hostnames": false,
            "enable_dns_support": true,
            "id": "vpc-04c94ee8878784ad4",
            "instance_tenancy": "default",
            "ipv4_ipam_pool_id": null,
            "ipv4_netmask_length": null,
            "ipv6_association_id": "",
            "ipv6_cidr_block": "",
            "ipv6_ipam_pool_id": null,
            "ipv6_netmask_length": null,
            "main_route_table_id": "rtb-08b676a2b55bfa116",
            "owner_id": "551330540453",
            "tags": {
              "Name": "Main VPC"
            },
            "tags_all": {
              "Deployment": "DEPLOYMENT_09_TERRAFORM",
              "Name": "Main VPC",
              "Team": "Kura Labs"
            }
          },
          "sensitive_attributes": [],
          "private": "eyJzY2hlbWFfdmVyc2lvbiI6IjEifQ=="
        }
      ]
    }
  ]
}
